
Microsoft Visual Studio Solution File, Format Version 12.00
# Visual Studio Version 17
VisualStudioVersion = 17.4.33213.308
MinimumVisualStudioVersion = 10.0.40219.1
Project("{8BC9CEB8-8B4A-11D0-8D11-00A0C91BC942}") = "Project_BaskinRobbins", "Project_BaskinRobbins\Project_BaskinRobbins.vcxproj", "{A61E9D9F-5599-4897-A47B-A6C844F35AC8}"
EndProject
Global
	GlobalSection(SolutionConfigurationPlatforms) = preSolution
		Debug|x64 = Debug|x64
		Debug|x86 = Debug|x86
		Release|x64 = Release|x64
		Release|x86 = Release|x86
	EndGlobalSection
	GlobalSection(ProjectConfigurationPlatforms) = postSolution
		{A61E9D9F-5599-4897-A47B-A6C844F35AC8}.Debug|x64.ActiveCfg = Debug|x64
		{A61E9D9F-5599-4897-A47B-A6C844F35AC8}.Debug|x64.Build.0 = Debug|x64
		{A61E9D9F-5599-4897-A47B-A6C844F35AC8}.Debug|x86.ActiveCfg = Debug|Win32
		{A61E9D9F-5599-4897-A47B-A6C844F35AC8}.Debug|x86.Build.0 = Debug|Win32
		{A61E9D9F-5599-4897-A47B-A6C844F35AC8}.Release|x64.ActiveCfg = Release|x64
		{A61E9D9F-5599-4897-A47B-A6C844F35AC8}.Release|x64.Build.0 = Release|x64
		{A61E9D9F-5599-4897-A47B-A6C844F35AC8}.Release|x86.ActiveCfg = Release|Win32
		{A61E9D9F-5599-4897-A47B-A6C844F35AC8}.Release|x86.Build.0 = Release|Win32
	EndGlobalSection
	GlobalSection(SolutionProperties) = preSolution
		HideSolutionNode = FALSE
	EndGlobalSection
	GlobalSection(ExtensibilityGlobals) = postSolution
		SolutionGuid = {2D9F9646-A68C-46D0-9EDC-12EA68B43D68}
	EndGlobalSection
EndGlobal
